
Microsoft Visual Studio Solution File, Format Version 12.00
# Visual Studio 16
Project("{FAE04EC0-301F-11D3-BF4B-00C04F79EFBC}") = "Assembly-CSharp", "Assembly-CSharp.csproj", "{63AFB7A3-BB70-81CF-7B10-566509C6D97E}"
EndProject
Project("{FAE04EC0-301F-11D3-BF4B-00C04F79EFBC}") = "Assembly-CSharp-Editor", "Assembly-CSharp-Editor.csproj", "{4CE0E298-AF61-15BF-337C-988028C1AE68}"
EndProject
Global
	GlobalSection(SolutionConfigurationPlatforms) = preSolution
		Debug|Any CPU = Debug|Any CPU
		Release|Any CPU = Release|Any CPU
	EndGlobalSection
	GlobalSection(ProjectConfigurationPlatforms) = postSolution
		{63AFB7A3-BB70-81CF-7B10-566509C6D97E}.Debug|Any CPU.ActiveCfg = Debug|Any CPU
		{63AFB7A3-BB70-81CF-7B10-566509C6D97E}.Debug|Any CPU.Build.0 = Debug|Any CPU
		{63AFB7A3-BB70-81CF-7B10-566509C6D97E}.Release|Any CPU.ActiveCfg = Release|Any CPU
		{63AFB7A3-BB70-81CF-7B10-566509C6D97E}.Release|Any CPU.Build.0 = Release|Any CPU
		{4CE0E298-AF61-15BF-337C-988028C1AE68}.Debug|Any CPU.ActiveCfg = Debug|Any CPU
		{4CE0E298-AF61-15BF-337C-988028C1AE68}.Debug|Any CPU.Build.0 = Debug|Any CPU
		{4CE0E298-AF61-15BF-337C-988028C1AE68}.Release|Any CPU.ActiveCfg = Release|Any CPU
		{4CE0E298-AF61-15BF-337C-988028C1AE68}.Release|Any CPU.Build.0 = Release|Any CPU
	EndGlobalSection
	GlobalSection(SolutionProperties) = preSolution
		HideSolutionNode = FALSE
	EndGlobalSection
EndGlobal
