
Microsoft Visual Studio Solution File, Format Version 12.00
# Visual Studio 16
Project("{FAE04EC0-301F-11D3-BF4B-00C04F79EFBC}") = "Assembly-CSharp", "Assembly-CSharp.csproj", "{AFFAF823-A011-C746-73EA-567A2607B2A9}"
EndProject
Project("{FAE04EC0-301F-11D3-BF4B-00C04F79EFBC}") = "Assembly-CSharp-Editor", "Assembly-CSharp-Editor.csproj", "{AC9A03C9-D99A-1256-1051-11920689D2AB}"
EndProject
Global
	GlobalSection(SolutionConfigurationPlatforms) = preSolution
		Debug|Any CPU = Debug|Any CPU
		Release|Any CPU = Release|Any CPU
	EndGlobalSection
	GlobalSection(ProjectConfigurationPlatforms) = postSolution
		{AFFAF823-A011-C746-73EA-567A2607B2A9}.Debug|Any CPU.ActiveCfg = Debug|Any CPU
		{AFFAF823-A011-C746-73EA-567A2607B2A9}.Debug|Any CPU.Build.0 = Debug|Any CPU
		{AFFAF823-A011-C746-73EA-567A2607B2A9}.Release|Any CPU.ActiveCfg = Release|Any CPU
		{AFFAF823-A011-C746-73EA-567A2607B2A9}.Release|Any CPU.Build.0 = Release|Any CPU
		{AC9A03C9-D99A-1256-1051-11920689D2AB}.Debug|Any CPU.ActiveCfg = Debug|Any CPU
		{AC9A03C9-D99A-1256-1051-11920689D2AB}.Debug|Any CPU.Build.0 = Debug|Any CPU
		{AC9A03C9-D99A-1256-1051-11920689D2AB}.Release|Any CPU.ActiveCfg = Release|Any CPU
		{AC9A03C9-D99A-1256-1051-11920689D2AB}.Release|Any CPU.Build.0 = Release|Any CPU
	EndGlobalSection
	GlobalSection(SolutionProperties) = preSolution
		HideSolutionNode = FALSE
	EndGlobalSection
EndGlobal
